// !$*UTF8*$!
{
	archiveVersion = 1;
	classes = {
	};
	objectVersion = 51;
	objects = {

/* Begin PBXBuildFile section */
		3658B74F6004F9C095D83820 /* Pods_Impoort_IOS.framework in Frameworks */ = {isa = PBXBuildFile; fileRef = B402A1EBB0D5E3D36435322A /* Pods_Impoort_IOS.framework */; };
		483DD9AE2347F99F00DCA3A1 /* TxtFieldConfig.swift in Sources */ = {isa = PBXBuildFile; fileRef = 483DD9AD2347F99F00DCA3A1 /* TxtFieldConfig.swift */; };
		483DD9B12348035800DCA3A1 /* RegisterFirstStepViewController.swift in Sources */ = {isa = PBXBuildFile; fileRef = 483DD9B02348035800DCA3A1 /* RegisterFirstStepViewController.swift */; };
		483DD9B32348042E00DCA3A1 /* BaseViewController.swift in Sources */ = {isa = PBXBuildFile; fileRef = 483DD9B22348042E00DCA3A1 /* BaseViewController.swift */; };
		483DD9B72348050A00DCA3A1 /* RegisterSecondStepViewController.swift in Sources */ = {isa = PBXBuildFile; fileRef = 483DD9B62348050A00DCA3A1 /* RegisterSecondStepViewController.swift */; };
		483DD9B92348051400DCA3A1 /* RegisterThirdStepViewController.swift in Sources */ = {isa = PBXBuildFile; fileRef = 483DD9B82348051400DCA3A1 /* RegisterThirdStepViewController.swift */; };
		483DD9BB23480C5900DCA3A1 /* User.swift in Sources */ = {isa = PBXBuildFile; fileRef = 483DD9BA23480C5900DCA3A1 /* User.swift */; };
		483DD9BE234814B900DCA3A1 /* SectorCell.swift in Sources */ = {isa = PBXBuildFile; fileRef = 483DD9BD234814B900DCA3A1 /* SectorCell.swift */; };
		483DD9C023482AF900DCA3A1 /* AlertConroller.swift in Sources */ = {isa = PBXBuildFile; fileRef = 483DD9BF23482AF900DCA3A1 /* AlertConroller.swift */; };
		484916FE234A5EA10093091D /* Home.storyboard in Resources */ = {isa = PBXBuildFile; fileRef = 484916FD234A5EA10093091D /* Home.storyboard */; };
		48491701234A71DC0093091D /* HomeViewController.swift in Sources */ = {isa = PBXBuildFile; fileRef = 48491700234A71DC0093091D /* HomeViewController.swift */; };
		48491705234A77E90093091D /* PostCell.swift in Sources */ = {isa = PBXBuildFile; fileRef = 48491703234A77E90093091D /* PostCell.swift */; };
		48491706234A77E90093091D /* PostCell.xib in Resources */ = {isa = PBXBuildFile; fileRef = 48491704234A77E90093091D /* PostCell.xib */; };
		48491709234A93180093091D /* PostCellWithImage.swift in Sources */ = {isa = PBXBuildFile; fileRef = 48491707234A93180093091D /* PostCellWithImage.swift */; };
		4849170A234A93180093091D /* PostCellWithImage.xib in Resources */ = {isa = PBXBuildFile; fileRef = 48491708234A93180093091D /* PostCellWithImage.xib */; };
		4893007423428A91004B37AD /* AppDelegate.swift in Sources */ = {isa = PBXBuildFile; fileRef = 4893007323428A91004B37AD /* AppDelegate.swift */; };
		4893007623428A91004B37AD /* LoginViewController.swift in Sources */ = {isa = PBXBuildFile; fileRef = 4893007523428A91004B37AD /* LoginViewController.swift */; };
		4893007923428A91004B37AD /* Main.storyboard in Resources */ = {isa = PBXBuildFile; fileRef = 4893007723428A91004B37AD /* Main.storyboard */; };
		4893007B23428A92004B37AD /* Assets.xcassets in Resources */ = {isa = PBXBuildFile; fileRef = 4893007A23428A92004B37AD /* Assets.xcassets */; };
		4893007E23428A92004B37AD /* LaunchScreen.storyboard in Resources */ = {isa = PBXBuildFile; fileRef = 4893007C23428A92004B37AD /* LaunchScreen.storyboard */; };
/* End PBXBuildFile section */

/* Begin PBXFileReference section */
		483DD9AD2347F99F00DCA3A1 /* TxtFieldConfig.swift */ = {isa = PBXFileReference; lastKnownFileType = sourcecode.swift; path = TxtFieldConfig.swift; sourceTree = "<group>"; };
		483DD9B02348035800DCA3A1 /* RegisterFirstStepViewController.swift */ = {isa = PBXFileReference; lastKnownFileType = sourcecode.swift; path = RegisterFirstStepViewController.swift; sourceTree = "<group>"; };
		483DD9B22348042E00DCA3A1 /* BaseViewController.swift */ = {isa = PBXFileReference; lastKnownFileType = sourcecode.swift; path = BaseViewController.swift; sourceTree = "<group>"; };
		483DD9B62348050A00DCA3A1 /* RegisterSecondStepViewController.swift */ = {isa = PBXFileReference; lastKnownFileType = sourcecode.swift; path = RegisterSecondStepViewController.swift; sourceTree = "<group>"; };
		483DD9B82348051400DCA3A1 /* RegisterThirdStepViewController.swift */ = {isa = PBXFileReference; lastKnownFileType = sourcecode.swift; path = RegisterThirdStepViewController.swift; sourceTree = "<group>"; };
		483DD9BA23480C5900DCA3A1 /* User.swift */ = {isa = PBXFileReference; lastKnownFileType = sourcecode.swift; path = User.swift; sourceTree = "<group>"; };
		483DD9BD234814B900DCA3A1 /* SectorCell.swift */ = {isa = PBXFileReference; lastKnownFileType = sourcecode.swift; path = SectorCell.swift; sourceTree = "<group>"; };
		483DD9BF23482AF900DCA3A1 /* AlertConroller.swift */ = {isa = PBXFileReference; fileEncoding = 4; lastKnownFileType = sourcecode.swift; path = AlertConroller.swift; sourceTree = "<group>"; };
		484916FD234A5EA10093091D /* Home.storyboard */ = {isa = PBXFileReference; lastKnownFileType = file.storyboard; path = Home.storyboard; sourceTree = "<group>"; };
		48491700234A71DC0093091D /* HomeViewController.swift */ = {isa = PBXFileReference; lastKnownFileType = sourcecode.swift; path = HomeViewController.swift; sourceTree = "<group>"; };
		48491703234A77E90093091D /* PostCell.swift */ = {isa = PBXFileReference; lastKnownFileType = sourcecode.swift; path = PostCell.swift; sourceTree = "<group>"; };
		48491704234A77E90093091D /* PostCell.xib */ = {isa = PBXFileReference; lastKnownFileType = file.xib; path = PostCell.xib; sourceTree = "<group>"; };
		48491707234A93180093091D /* PostCellWithImage.swift */ = {isa = PBXFileReference; lastKnownFileType = sourcecode.swift; path = PostCellWithImage.swift; sourceTree = "<group>"; };
		48491708234A93180093091D /* PostCellWithImage.xib */ = {isa = PBXFileReference; lastKnownFileType = file.xib; path = PostCellWithImage.xib; sourceTree = "<group>"; };
		4893007023428A91004B37AD /* Impoort-IOS.app */ = {isa = PBXFileReference; explicitFileType = wrapper.application; includeInIndex = 0; path = "Impoort-IOS.app"; sourceTree = BUILT_PRODUCTS_DIR; };
		4893007323428A91004B37AD /* AppDelegate.swift */ = {isa = PBXFileReference; lastKnownFileType = sourcecode.swift; path = AppDelegate.swift; sourceTree = "<group>"; };
		4893007523428A91004B37AD /* LoginViewController.swift */ = {isa = PBXFileReference; lastKnownFileType = sourcecode.swift; path = LoginViewController.swift; sourceTree = "<group>"; };
		4893007823428A91004B37AD /* Base */ = {isa = PBXFileReference; lastKnownFileType = file.storyboard; name = Base; path = Base.lproj/Main.storyboard; sourceTree = "<group>"; };
		4893007A23428A92004B37AD /* Assets.xcassets */ = {isa = PBXFileReference; lastKnownFileType = folder.assetcatalog; path = Assets.xcassets; sourceTree = "<group>"; };
		4893007D23428A92004B37AD /* Base */ = {isa = PBXFileReference; lastKnownFileType = file.storyboard; name = Base; path = Base.lproj/LaunchScreen.storyboard; sourceTree = "<group>"; };
		4893007F23428A92004B37AD /* Info.plist */ = {isa = PBXFileReference; lastKnownFileType = text.plist.xml; path = Info.plist; sourceTree = "<group>"; };
		8594E1A827AAA942A1D16F0B /* Pods-Impoort-IOS.release.xcconfig */ = {isa = PBXFileReference; includeInIndex = 1; lastKnownFileType = text.xcconfig; name = "Pods-Impoort-IOS.release.xcconfig"; path = "Target Support Files/Pods-Impoort-IOS/Pods-Impoort-IOS.release.xcconfig"; sourceTree = "<group>"; };
		9BB33F7F4F06B3993D6E468E /* Pods-Impoort-IOS.debug.xcconfig */ = {isa = PBXFileReference; includeInIndex = 1; lastKnownFileType = text.xcconfig; name = "Pods-Impoort-IOS.debug.xcconfig"; path = "Target Support Files/Pods-Impoort-IOS/Pods-Impoort-IOS.debug.xcconfig"; sourceTree = "<group>"; };
		B402A1EBB0D5E3D36435322A /* Pods_Impoort_IOS.framework */ = {isa = PBXFileReference; explicitFileType = wrapper.framework; includeInIndex = 0; path = Pods_Impoort_IOS.framework; sourceTree = BUILT_PRODUCTS_DIR; };
/* End PBXFileReference section */

/* Begin PBXFrameworksBuildPhase section */
		4893006D23428A91004B37AD /* Frameworks */ = {
			isa = PBXFrameworksBuildPhase;
			buildActionMask = 2147483647;
			files = (
				3658B74F6004F9C095D83820 /* Pods_Impoort_IOS.framework in Frameworks */,
			);
			runOnlyForDeploymentPostprocessing = 0;
		};
/* End PBXFrameworksBuildPhase section */

/* Begin PBXGroup section */
		483DD9A62347F48100DCA3A1 /* Controller */ = {
			isa = PBXGroup;
			children = (
				484916FF234A71CC0093091D /* Home */,
				483DD9B22348042E00DCA3A1 /* BaseViewController.swift */,
				483DD9AC2347F8B200DCA3A1 /* Login */,
				483DD9AF2348032B00DCA3A1 /* Register */,
			);
			path = Controller;
			sourceTree = "<group>";
		};
		483DD9A72347F49100DCA3A1 /* Model */ = {
			isa = PBXGroup;
			children = (
				483DD9BA23480C5900DCA3A1 /* User.swift */,
			);
			path = Model;
			sourceTree = "<group>";
		};
		483DD9A82347F4A000DCA3A1 /* View */ = {
			isa = PBXGroup;
			children = (
				483DD9BC2348149E00DCA3A1 /* Cell */,
			);
			path = View;
			sourceTree = "<group>";
		};
		483DD9A92347F4A900DCA3A1 /* App */ = {
			isa = PBXGroup;
			children = (
				4893007323428A91004B37AD /* AppDelegate.swift */,
			);
			path = App;
			sourceTree = "<group>";
		};
		483DD9AA2347F4B400DCA3A1 /* Storyboards */ = {
			isa = PBXGroup;
			children = (
				4893007723428A91004B37AD /* Main.storyboard */,
				484916FD234A5EA10093091D /* Home.storyboard */,
			);
			path = Storyboards;
			sourceTree = "<group>";
		};
		483DD9AB2347F4C600DCA3A1 /* Utils */ = {
			isa = PBXGroup;
			children = (
				483DD9BF23482AF900DCA3A1 /* AlertConroller.swift */,
				483DD9AD2347F99F00DCA3A1 /* TxtFieldConfig.swift */,
			);
			path = Utils;
			sourceTree = "<group>";
		};
		483DD9AC2347F8B200DCA3A1 /* Login */ = {
			isa = PBXGroup;
			children = (
				4893007523428A91004B37AD /* LoginViewController.swift */,
			);
			path = Login;
			sourceTree = "<group>";
		};
		483DD9AF2348032B00DCA3A1 /* Register */ = {
			isa = PBXGroup;
			children = (
				483DD9B02348035800DCA3A1 /* RegisterFirstStepViewController.swift */,
				483DD9B62348050A00DCA3A1 /* RegisterSecondStepViewController.swift */,
				483DD9B82348051400DCA3A1 /* RegisterThirdStepViewController.swift */,
			);
			path = Register;
			sourceTree = "<group>";
		};
		483DD9BC2348149E00DCA3A1 /* Cell */ = {
			isa = PBXGroup;
			children = (
				48491702234A77C80093091D /* PostCell */,
				483DD9BD234814B900DCA3A1 /* SectorCell.swift */,
			);
			path = Cell;
			sourceTree = "<group>";
		};
		484916FF234A71CC0093091D /* Home */ = {
			isa = PBXGroup;
			children = (
				48491700234A71DC0093091D /* HomeViewController.swift */,
			);
			path = Home;
			sourceTree = "<group>";
		};
		48491702234A77C80093091D /* PostCell */ = {
			isa = PBXGroup;
			children = (
				48491703234A77E90093091D /* PostCell.swift */,
				48491704234A77E90093091D /* PostCell.xib */,
				48491707234A93180093091D /* PostCellWithImage.swift */,
				48491708234A93180093091D /* PostCellWithImage.xib */,
			);
			path = PostCell;
			sourceTree = "<group>";
		};
		4893006723428A91004B37AD = {
			isa = PBXGroup;
			children = (
				4893007223428A91004B37AD /* Impoort-IOS */,
				4893007123428A91004B37AD /* Products */,
				CE0218619D37F65979260290 /* Pods */,
				613A134B5A5EC3778AFC21B5 /* Frameworks */,
			);
			sourceTree = "<group>";
		};
		4893007123428A91004B37AD /* Products */ = {
			isa = PBXGroup;
			children = (
				4893007023428A91004B37AD /* Impoort-IOS.app */,
			);
			name = Products;
			sourceTree = "<group>";
		};
		4893007223428A91004B37AD /* Impoort-IOS */ = {
			isa = PBXGroup;
			children = (
				483DD9A62347F48100DCA3A1 /* Controller */,
				483DD9A92347F4A900DCA3A1 /* App */,
				483DD9A82347F4A000DCA3A1 /* View */,
				483DD9A72347F49100DCA3A1 /* Model */,
				483DD9AA2347F4B400DCA3A1 /* Storyboards */,
				483DD9AB2347F4C600DCA3A1 /* Utils */,
				4893007A23428A92004B37AD /* Assets.xcassets */,
				4893007C23428A92004B37AD /* LaunchScreen.storyboard */,
				4893007F23428A92004B37AD /* Info.plist */,
			);
			path = "Impoort-IOS";
			sourceTree = "<group>";
		};
		613A134B5A5EC3778AFC21B5 /* Frameworks */ = {
			isa = PBXGroup;
			children = (
				B402A1EBB0D5E3D36435322A /* Pods_Impoort_IOS.framework */,
			);
			name = Frameworks;
			sourceTree = "<group>";
		};
		CE0218619D37F65979260290 /* Pods */ = {
			isa = PBXGroup;
			children = (
				9BB33F7F4F06B3993D6E468E /* Pods-Impoort-IOS.debug.xcconfig */,
				8594E1A827AAA942A1D16F0B /* Pods-Impoort-IOS.release.xcconfig */,
			);
			path = Pods;
			sourceTree = "<group>";
		};
/* End PBXGroup section */

/* Begin PBXNativeTarget section */
		4893006F23428A91004B37AD /* Impoort-IOS */ = {
			isa = PBXNativeTarget;
			buildConfigurationList = 4893008223428A92004B37AD /* Build configuration list for PBXNativeTarget "Impoort-IOS" */;
			buildPhases = (
				E344BD7436B3BEC0DDB1E2E5 /* [CP] Check Pods Manifest.lock */,
				4893006C23428A91004B37AD /* Sources */,
				4893006D23428A91004B37AD /* Frameworks */,
				4893006E23428A91004B37AD /* Resources */,
				D0F567C9ED25E91DDBAD3A0E /* [CP] Embed Pods Frameworks */,
			);
			buildRules = (
			);
			dependencies = (
			);
			name = "Impoort-IOS";
			productName = "Impoort-IOS";
			productReference = 4893007023428A91004B37AD /* Impoort-IOS.app */;
			productType = "com.apple.product-type.application";
		};
/* End PBXNativeTarget section */

/* Begin PBXProject section */
		4893006823428A91004B37AD /* Project object */ = {
			isa = PBXProject;
			attributes = {
				LastSwiftUpdateCheck = 1020;
				LastUpgradeCheck = 1020;
				ORGANIZATIONNAME = "Yusuf Ali Cezik";
				TargetAttributes = {
					4893006F23428A91004B37AD = {
						CreatedOnToolsVersion = 10.2.1;
					};
				};
			};
			buildConfigurationList = 4893006B23428A91004B37AD /* Build configuration list for PBXProject "Impoort-IOS" */;
			compatibilityVersion = "Xcode 9.3";
			developmentRegion = en;
			hasScannedForEncodings = 0;
			knownRegions = (
				en,
				Base,
			);
			mainGroup = 4893006723428A91004B37AD;
			productRefGroup = 4893007123428A91004B37AD /* Products */;
			projectDirPath = "";
			projectRoot = "";
			targets = (
				4893006F23428A91004B37AD /* Impoort-IOS */,
			);
		};
/* End PBXProject section */

/* Begin PBXResourcesBuildPhase section */
		4893006E23428A91004B37AD /* Resources */ = {
			isa = PBXResourcesBuildPhase;
			buildActionMask = 2147483647;
			files = (
				4893007E23428A92004B37AD /* LaunchScreen.storyboard in Resources */,
				4849170A234A93180093091D /* PostCellWithImage.xib in Resources */,
				4893007B23428A92004B37AD /* Assets.xcassets in Resources */,
				48491706234A77E90093091D /* PostCell.xib in Resources */,
				4893007923428A91004B37AD /* Main.storyboard in Resources */,
				484916FE234A5EA10093091D /* Home.storyboard in Resources */,
			);
			runOnlyForDeploymentPostprocessing = 0;
		};
/* End PBXResourcesBuildPhase section */

/* Begin PBXShellScriptBuildPhase section */
		D0F567C9ED25E91DDBAD3A0E /* [CP] Embed Pods Frameworks */ = {
			isa = PBXShellScriptBuildPhase;
			buildActionMask = 2147483647;
			files = (
			);
			inputFileListPaths = (
				"${PODS_ROOT}/Target Support Files/Pods-Impoort-IOS/Pods-Impoort-IOS-frameworks-${CONFIGURATION}-input-files.xcfilelist",
			);
			name = "[CP] Embed Pods Frameworks";
			outputFileListPaths = (
				"${PODS_ROOT}/Target Support Files/Pods-Impoort-IOS/Pods-Impoort-IOS-frameworks-${CONFIGURATION}-output-files.xcfilelist",
			);
			runOnlyForDeploymentPostprocessing = 0;
			shellPath = /bin/sh;
			shellScript = "\"${PODS_ROOT}/Target Support Files/Pods-Impoort-IOS/Pods-Impoort-IOS-frameworks.sh\"\n";
			showEnvVarsInLog = 0;
		};
		E344BD7436B3BEC0DDB1E2E5 /* [CP] Check Pods Manifest.lock */ = {
			isa = PBXShellScriptBuildPhase;
			buildActionMask = 2147483647;
			files = (
			);
			inputFileListPaths = (
			);
			inputPaths = (
				"${PODS_PODFILE_DIR_PATH}/Podfile.lock",
				"${PODS_ROOT}/Manifest.lock",
			);
			name = "[CP] Check Pods Manifest.lock";
			outputFileListPaths = (
			);
			outputPaths = (
				"$(DERIVED_FILE_DIR)/Pods-Impoort-IOS-checkManifestLockResult.txt",
			);
			runOnlyForDeploymentPostprocessing = 0;
			shellPath = /bin/sh;
			shellScript = "diff \"${PODS_PODFILE_DIR_PATH}/Podfile.lock\" \"${PODS_ROOT}/Manifest.lock\" > /dev/null\nif [ $? != 0 ] ; then\n    # print error to STDERR\n    echo \"error: The sandbox is not in sync with the Podfile.lock. Run 'pod install' or update your CocoaPods installation.\" >&2\n    exit 1\nfi\n# This output is used by Xcode 'outputs' to avoid re-running this script phase.\necho \"SUCCESS\" > \"${SCRIPT_OUTPUT_FILE_0}\"\n";
			showEnvVarsInLog = 0;
		};
/* End PBXShellScriptBuildPhase section */

/* Begin PBXSourcesBuildPhase section */
		4893006C23428A91004B37AD /* Sources */ = {
			isa = PBXSourcesBuildPhase;
			buildActionMask = 2147483647;
			files = (
				483DD9BE234814B900DCA3A1 /* SectorCell.swift in Sources */,
				483DD9B32348042E00DCA3A1 /* BaseViewController.swift in Sources */,
				483DD9B12348035800DCA3A1 /* RegisterFirstStepViewController.swift in Sources */,
				4893007623428A91004B37AD /* LoginViewController.swift in Sources */,
				48491709234A93180093091D /* PostCellWithImage.swift in Sources */,
				483DD9AE2347F99F00DCA3A1 /* TxtFieldConfig.swift in Sources */,
				483DD9BB23480C5900DCA3A1 /* User.swift in Sources */,
				4893007423428A91004B37AD /* AppDelegate.swift in Sources */,
				48491701234A71DC0093091D /* HomeViewController.swift in Sources */,
				483DD9B72348050A00DCA3A1 /* RegisterSecondStepViewController.swift in Sources */,
				483DD9B92348051400DCA3A1 /* RegisterThirdStepViewController.swift in Sources */,
				483DD9C023482AF900DCA3A1 /* AlertConroller.swift in Sources */,
				48491705234A77E90093091D /* PostCell.swift in Sources */,
			);
			runOnlyForDeploymentPostprocessing = 0;
		};
/* End PBXSourcesBuildPhase section */

/* Begin PBXVariantGroup section */
		4893007723428A91004B37AD /* Main.storyboard */ = {
			isa = PBXVariantGroup;
			children = (
				4893007823428A91004B37AD /* Base */,
			);
			name = Main.storyboard;
			sourceTree = "<group>";
		};
		4893007C23428A92004B37AD /* LaunchScreen.storyboard */ = {
			isa = PBXVariantGroup;
			children = (
				4893007D23428A92004B37AD /* Base */,
			);
			name = LaunchScreen.storyboard;
			sourceTree = "<group>";
		};
/* End PBXVariantGroup section */

/* Begin XCBuildConfiguration section */
		4893008023428A92004B37AD /* Debug */ = {
			isa = XCBuildConfiguration;
			buildSettings = {
				ALWAYS_SEARCH_USER_PATHS = NO;
				CLANG_ANALYZER_NONNULL = YES;
				CLANG_ANALYZER_NUMBER_OBJECT_CONVERSION = YES_AGGRESSIVE;
				CLANG_CXX_LANGUAGE_STANDARD = "gnu++14";
				CLANG_CXX_LIBRARY = "libc++";
				CLANG_ENABLE_MODULES = YES;
				CLANG_ENABLE_OBJC_ARC = YES;
				CLANG_ENABLE_OBJC_WEAK = YES;
				CLANG_WARN_BLOCK_CAPTURE_AUTORELEASING = YES;
				CLANG_WARN_BOOL_CONVERSION = YES;
				CLANG_WARN_COMMA = YES;
				CLANG_WARN_CONSTANT_CONVERSION = YES;
				CLANG_WARN_DEPRECATED_OBJC_IMPLEMENTATIONS = YES;
				CLANG_WARN_DIRECT_OBJC_ISA_USAGE = YES_ERROR;
				CLANG_WARN_DOCUMENTATION_COMMENTS = YES;
				CLANG_WARN_EMPTY_BODY = YES;
				CLANG_WARN_ENUM_CONVERSION = YES;
				CLANG_WARN_INFINITE_RECURSION = YES;
				CLANG_WARN_INT_CONVERSION = YES;
				CLANG_WARN_NON_LITERAL_NULL_CONVERSION = YES;
				CLANG_WARN_OBJC_IMPLICIT_RETAIN_SELF = YES;
				CLANG_WARN_OBJC_LITERAL_CONVERSION = YES;
				CLANG_WARN_OBJC_ROOT_CLASS = YES_ERROR;
				CLANG_WARN_RANGE_LOOP_ANALYSIS = YES;
				CLANG_WARN_STRICT_PROTOTYPES = YES;
				CLANG_WARN_SUSPICIOUS_MOVE = YES;
				CLANG_WARN_UNGUARDED_AVAILABILITY = YES_AGGRESSIVE;
				CLANG_WARN_UNREACHABLE_CODE = YES;
				CLANG_WARN__DUPLICATE_METHOD_MATCH = YES;
				CODE_SIGN_IDENTITY = "iPhone Developer";
				COPY_PHASE_STRIP = NO;
				DEBUG_INFORMATION_FORMAT = dwarf;
				ENABLE_STRICT_OBJC_MSGSEND = YES;
				ENABLE_TESTABILITY = YES;
				GCC_C_LANGUAGE_STANDARD = gnu11;
				GCC_DYNAMIC_NO_PIC = NO;
				GCC_NO_COMMON_BLOCKS = YES;
				GCC_OPTIMIZATION_LEVEL = 0;
				GCC_PREPROCESSOR_DEFINITIONS = (
					"DEBUG=1",
					"$(inherited)",
				);
				GCC_WARN_64_TO_32_BIT_CONVERSION = YES;
				GCC_WARN_ABOUT_RETURN_TYPE = YES_ERROR;
				GCC_WARN_UNDECLARED_SELECTOR = YES;
				GCC_WARN_UNINITIALIZED_AUTOS = YES_AGGRESSIVE;
				GCC_WARN_UNUSED_FUNCTION = YES;
				GCC_WARN_UNUSED_VARIABLE = YES;
				IPHONEOS_DEPLOYMENT_TARGET = 12.2;
				MTL_ENABLE_DEBUG_INFO = INCLUDE_SOURCE;
				MTL_FAST_MATH = YES;
				ONLY_ACTIVE_ARCH = YES;
				SDKROOT = iphoneos;
				SWIFT_ACTIVE_COMPILATION_CONDITIONS = DEBUG;
				SWIFT_OPTIMIZATION_LEVEL = "-Onone";
			};
			name = Debug;
		};
		4893008123428A92004B37AD /* Release */ = {
			isa = XCBuildConfiguration;
			buildSettings = {
				ALWAYS_SEARCH_USER_PATHS = NO;
				CLANG_ANALYZER_NONNULL = YES;
				CLANG_ANALYZER_NUMBER_OBJECT_CONVERSION = YES_AGGRESSIVE;
				CLANG_CXX_LANGUAGE_STANDARD = "gnu++14";
				CLANG_CXX_LIBRARY = "libc++";
				CLANG_ENABLE_MODULES = YES;
				CLANG_ENABLE_OBJC_ARC = YES;
				CLANG_ENABLE_OBJC_WEAK = YES;
				CLANG_WARN_BLOCK_CAPTURE_AUTORELEASING = YES;
				CLANG_WARN_BOOL_CONVERSION = YES;
				CLANG_WARN_COMMA = YES;
				CLANG_WARN_CONSTANT_CONVERSION = YES;
				CLANG_WARN_DEPRECATED_OBJC_IMPLEMENTATIONS = YES;
				CLANG_WARN_DIRECT_OBJC_ISA_USAGE = YES_ERROR;
				CLANG_WARN_DOCUMENTATION_COMMENTS = YES;
				CLANG_WARN_EMPTY_BODY = YES;
				CLANG_WARN_ENUM_CONVERSION = YES;
				CLANG_WARN_INFINITE_RECURSION = YES;
				CLANG_WARN_INT_CONVERSION = YES;
				CLANG_WARN_NON_LITERAL_NULL_CONVERSION = YES;
				CLANG_WARN_OBJC_IMPLICIT_RETAIN_SELF = YES;
				CLANG_WARN_OBJC_LITERAL_CONVERSION = YES;
				CLANG_WARN_OBJC_ROOT_CLASS = YES_ERROR;
				CLANG_WARN_RANGE_LOOP_ANALYSIS = YES;
				CLANG_WARN_STRICT_PROTOTYPES = YES;
				CLANG_WARN_SUSPICIOUS_MOVE = YES;
				CLANG_WARN_UNGUARDED_AVAILABILITY = YES_AGGRESSIVE;
				CLANG_WARN_UNREACHABLE_CODE = YES;
				CLANG_WARN__DUPLICATE_METHOD_MATCH = YES;
				CODE_SIGN_IDENTITY = "iPhone Developer";
				COPY_PHASE_STRIP = NO;
				DEBUG_INFORMATION_FORMAT = "dwarf-with-dsym";
				ENABLE_NS_ASSERTIONS = NO;
				ENABLE_STRICT_OBJC_MSGSEND = YES;
				GCC_C_LANGUAGE_STANDARD = gnu11;
				GCC_NO_COMMON_BLOCKS = YES;
				GCC_WARN_64_TO_32_BIT_CONVERSION = YES;
				GCC_WARN_ABOUT_RETURN_TYPE = YES_ERROR;
				GCC_WARN_UNDECLARED_SELECTOR = YES;
				GCC_WARN_UNINITIALIZED_AUTOS = YES_AGGRESSIVE;
				GCC_WARN_UNUSED_FUNCTION = YES;
				GCC_WARN_UNUSED_VARIABLE = YES;
				IPHONEOS_DEPLOYMENT_TARGET = 12.2;
				MTL_ENABLE_DEBUG_INFO = NO;
				MTL_FAST_MATH = YES;
				SDKROOT = iphoneos;
				SWIFT_COMPILATION_MODE = wholemodule;
				SWIFT_OPTIMIZATION_LEVEL = "-O";
				VALIDATE_PRODUCT = YES;
			};
			name = Release;
		};
		4893008323428A92004B37AD /* Debug */ = {
			isa = XCBuildConfiguration;
			baseConfigurationReference = 9BB33F7F4F06B3993D6E468E /* Pods-Impoort-IOS.debug.xcconfig */;
			buildSettings = {
				ASSETCATALOG_COMPILER_APPICON_NAME = AppIcon;
				CODE_SIGN_STYLE = Automatic;
				DEVELOPMENT_TEAM = 8YH2HY6PT8;
				INFOPLIST_FILE = "Impoort-IOS/Info.plist";
				LD_RUNPATH_SEARCH_PATHS = (
					"$(inherited)",
					"@executable_path/Frameworks",
				);
				PRODUCT_BUNDLE_IDENTIFIER = "com.yusufali.Impoort-IOS";
				PRODUCT_NAME = "$(TARGET_NAME)";
				SWIFT_VERSION = 5.0;
				TARGETED_DEVICE_FAMILY = "1,2";
			};
			name = Debug;
		};
		4893008423428A92004B37AD /* Release */ = {
			isa = XCBuildConfiguration;
			baseConfigurationReference = 8594E1A827AAA942A1D16F0B /* Pods-Impoort-IOS.release.xcconfig */;
			buildSettings = {
				ASSETCATALOG_COMPILER_APPICON_NAME = AppIcon;
				CODE_SIGN_STYLE = Automatic;
				DEVELOPMENT_TEAM = 8YH2HY6PT8;
				INFOPLIST_FILE = "Impoort-IOS/Info.plist";
				LD_RUNPATH_SEARCH_PATHS = (
					"$(inherited)",
					"@executable_path/Frameworks",
				);
				PRODUCT_BUNDLE_IDENTIFIER = "com.yusufali.Impoort-IOS";
				PRODUCT_NAME = "$(TARGET_NAME)";
				SWIFT_VERSION = 5.0;
				TARGETED_DEVICE_FAMILY = "1,2";
			};
			name = Release;
		};
/* End XCBuildConfiguration section */

/* Begin XCConfigurationList section */
		4893006B23428A91004B37AD /* Build configuration list for PBXProject "Impoort-IOS" */ = {
			isa = XCConfigurationList;
			buildConfigurations = (
				4893008023428A92004B37AD /* Debug */,
				4893008123428A92004B37AD /* Release */,
			);
			defaultConfigurationIsVisible = 0;
			defaultConfigurationName = Release;
		};
		4893008223428A92004B37AD /* Build configuration list for PBXNativeTarget "Impoort-IOS" */ = {
			isa = XCConfigurationList;
			buildConfigurations = (
				4893008323428A92004B37AD /* Debug */,
				4893008423428A92004B37AD /* Release */,
			);
			defaultConfigurationIsVisible = 0;
			defaultConfigurationName = Release;
		};
/* End XCConfigurationList section */
	};
	rootObject = 4893006823428A91004B37AD /* Project object */;
}
